github.com/google/capslock v0.3.2 h1:0ZQa9YR8s9ewFu1g5w6Rgd/lW/4dga7qJew3K6Ql7aM=
github.com/google/capslock v0.3.2/go.mod h1:dDCLHjNLY0m1zzi8+sxcxpwxcVicWMB0Ez9shA2mMEc=
github.com/google/go-cmp v0.7.0 h1:wk8382ETsv4JYUZwIsn6YpYiWiBsYLSJiTsyBybVuN8=
github.com/google/go-cmp v0.7.0/go.mod h1:pXiqmnSA92OHEEa9HXL2W4E7lf9JzCmGVUdgjX3N/iU=
google.golang.org/protobuf v1.36.11 h1:fV6ZwhNocDyBLK0dj+fg8ektcVegBBuEolpbTQyBNVE=
google.golang.org/protobuf v1.36.11/go.mod h1:HTf+CrKn2C3g5S8VImy6tdcUvCska2kB7j23XfzDpco=
